
Microsoft Visual Studio Solution File, Format Version 12.00
# Visual Studio Version 17
VisualStudioVersion = 17.8.34408.163
MinimumVisualStudioVersion = 10.0.40219.1
Project("{FAE04EC0-301F-11D3-BF4B-00C04F79EFBC}") = "ProjetoXadrez-Console", "ProjetoXadrez-Console\ProjetoXadrez-Console.csproj", "{4E93F638-DBD5-46B7-A5E7-8309F6451688}"
EndProject
Global
	GlobalSection(SolutionConfigurationPlatforms) = preSolution
		Debug|Any CPU = Debug|Any CPU
		Release|Any CPU = Release|Any CPU
	EndGlobalSection
	GlobalSection(ProjectConfigurationPlatforms) = postSolution
		{4E93F638-DBD5-46B7-A5E7-8309F6451688}.Debug|Any CPU.ActiveCfg = Debug|Any CPU
		{4E93F638-DBD5-46B7-A5E7-8309F6451688}.Debug|Any CPU.Build.0 = Debug|Any CPU
		{4E93F638-DBD5-46B7-A5E7-8309F6451688}.Release|Any CPU.ActiveCfg = Release|Any CPU
		{4E93F638-DBD5-46B7-A5E7-8309F6451688}.Release|Any CPU.Build.0 = Release|Any CPU
	EndGlobalSection
	GlobalSection(SolutionProperties) = preSolution
		HideSolutionNode = FALSE
	EndGlobalSection
	GlobalSection(ExtensibilityGlobals) = postSolution
		SolutionGuid = {6086008C-89D7-4966-90B3-07FD0845DAF4}
	EndGlobalSection
EndGlobal
